PODS:
  - Alamofire (4.7.0)
  - AVScanner (0.5.0)
  - Bolts (1.9.0):
    - Bolts/AppLinks (= 1.9.0)
    - Bolts/Tasks (= 1.9.0)
  - Bolts/AppLinks (1.9.0):
    - Bolts/Tasks
  - Bolts/Tasks (1.9.0)
  - CloudTagView (3.0.0)
  - CryptoSwift (0.13.1)
  - DropDown (2.3.2)
  - FBSDKCoreKit (4.31.1):
    - Bolts (~> 1.7)
  - FBSDKLoginKit (4.31.1):
    - FBSDKCoreKit
  - Firebase/Auth (4.10.1):
    - Firebase/Core
    - FirebaseAuth (= 4.4.4)
  - Firebase/Core (4.10.1):
    - FirebaseAnalytics (= 4.1.0)
    - FirebaseCore (= 4.0.17)
  - FirebaseAnalytics (4.1.0):
    - FirebaseCore (~> 4.0)
    - FirebaseInstanceID (~> 2.0)
    - "GoogleToolboxForMac/NSData+zlib (~> 2.1)"
    - nanopb (~> 0.3)
  - FirebaseAuth (4.4.4):
    - FirebaseAnalytics (~> 4.1)
    - "GoogleToolboxForMac/NSDictionary+URLArguments (~> 2.1)"
    - GTMSessionFetcher/Core (~> 1.1)
  - FirebaseCore (4.0.17):
    - "GoogleToolboxForMac/NSData+zlib (~> 2.1)"
  - FirebaseInstanceID (2.0.9):
    - FirebaseCore (~> 4.0)
  - GoogleSignIn (4.1.2):
    - "GoogleToolboxForMac/NSDictionary+URLArguments (~> 2.1)"
    - "GoogleToolboxForMac/NSString+URLArguments (~> 2.1)"
    - GTMOAuth2 (~> 1.0)
    - GTMSessionFetcher/Core (~> 1.1)
  - GoogleToolboxForMac/DebugUtils (2.1.3):
    - GoogleToolboxForMac/Defines (= 2.1.3)
  - GoogleToolboxForMac/Defines (2.1.3)
  - "GoogleToolboxForMac/NSData+zlib (2.1.3)":
    - GoogleToolboxForMac/Defines (= 2.1.3)
  - "GoogleToolboxForMac/NSDictionary+URLArguments (2.1.3)":
    - GoogleToolboxForMac/DebugUtils (= 2.1.3)
    - GoogleToolboxForMac/Defines (= 2.1.3)
    - "GoogleToolboxForMac/NSString+URLArguments (= 2.1.3)"
  - "GoogleToolboxForMac/NSString+URLArguments (2.1.3)"
  - GTMOAuth2 (1.1.6):
    - GTMSessionFetcher (~> 1.1)
  - GTMSessionFetcher (1.1.14):
    - GTMSessionFetcher/Full (= 1.1.14)
  - GTMSessionFetcher/Core (1.1.14)
  - GTMSessionFetcher/Full (1.1.14):
    - GTMSessionFetcher/Core (= 1.1.14)
  - IQKeyboardManager (5.0.8)
  - Kingfisher (5.0.1)
  - LiquidFloatingActionButton (1.2.0)
  - MultiAutoCompleteTextSwift (0.1.1)
  - nanopb (0.3.8):
    - nanopb/decode (= 0.3.8)
    - nanopb/encode (= 0.3.8)
  - nanopb/decode (0.3.8)
  - nanopb/encode (0.3.8)
  - razorpay-pod (1.0.26)
  - SkyFloatingLabelTextField (3.6.0)
  - SVProgressHUD (2.2.5)
  - ZAlertView (1.0.4)

DEPENDENCIES:
  - Alamofire
  - AVScanner
  - CloudTagView
  - CryptoSwift
  - DropDown
  - FBSDKLoginKit
  - Firebase/Auth
  - Firebase/Core
  - GoogleSignIn
  - IQKeyboardManager
  - Kingfisher
  - LiquidFloatingActionButton
  - MultiAutoCompleteTextSwift
  - razorpay-pod
  - SkyFloatingLabelTextField
  - SVProgressHUD
  - ZAlertView

SPEC REPOS:
  https://github.com/cocoapods/specs.git:
    - Alamofire
    - AVScanner
    - Bolts
    - CloudTagView
    - CryptoSwift
    - DropDown
    - FBSDKCoreKit
    - FBSDKLoginKit
    - Firebase
    - FirebaseAnalytics
    - FirebaseAuth
    - FirebaseCore
    - FirebaseInstanceID
    - GoogleSignIn
    - GoogleToolboxForMac
    - GTMOAuth2
    - GTMSessionFetcher
    - IQKeyboardManager
    - Kingfisher
    - LiquidFloatingActionButton
    - MultiAutoCompleteTextSwift
    - nanopb
    - razorpay-pod
    - SkyFloatingLabelTextField
    - SVProgressHUD
    - ZAlertView

SPEC CHECKSUMS:
  Alamofire: 907e0a98eb68cdb7f9d1f541a563d6ac5dc77b25
  AVScanner: 8cdbdff32cf74ba5650cb22ffc3b96532476fc00
  Bolts: ac6567323eac61e203f6a9763667d0f711be34c8
  CloudTagView: c4eebbb9cf88d8de849e4ae0c3323e95ccc236b2
  CryptoSwift: ff68c35a53e03177d31aaa2c1e8b3e010aeed6cb
  DropDown: 7f87abecc28f9b4edad810fe1211c5c018c257e5
  FBSDKCoreKit: e08ccfcefa7bc1347a07c276dac9bf6c7fe57024
  FBSDKLoginKit: 99797ac39252fef6f72600b886f6ee60b4b29cab
  Firebase: 92c6ba593e32db0defde464a9adc981d5cb49f97
  FirebaseAnalytics: 3dfae28d4a5e06f86c4fae830efc2ad3fadb19bc
  FirebaseAuth: d040bb7a9db6dfc29d0e7ec82d48be51352b2581
  FirebaseCore: 872307b001bbefda1dfa0dbfffa50a6919023d4a
  FirebaseInstanceID: d2058a35e9bebda1b6dd42486b84917bde552a9d
  GoogleSignIn: d9ef55b10f0aa401a5de2747f59b725e4b9732ac
  GoogleToolboxForMac: 2501e2ad72a52eb3dfe7bd9aee7dad11b858bd20
  GTMOAuth2: e8b6512c896235149df975c41d9a36c868ab7fba
  GTMSessionFetcher: 390ea358e5a0d0133153806f744662dad933d06b
  IQKeyboardManager: 266cb7b1d11f94a3e71229d77f960f9a1b538e5b
  Kingfisher: 4f771421b9208185217550528a06fd48756cb7c2
  LiquidFloatingActionButton: 9c28961915754e08cf596ea6bdd60f9cd949f172
  MultiAutoCompleteTextSwift: d5631e77b48413af5795e14a1ae6d72054fe2d1e
  nanopb: 5601e6bca2dbf1ed831b519092ec110f66982ca3
  razorpay-pod: 6f1eeb10e473b4a88baee1cd054eed76b926c923
  SkyFloatingLabelTextField: 38164979b79512f9ff9288ad8acfc4bbf5d843e3
  SVProgressHUD: 1428aafac632c1f86f62aa4243ec12008d7a51d6
  ZAlertView: 59fffdb4e37a01df461835566d5101052b8af953

PODFILE CHECKSUM: 27a84a7a20077cf1c14fa0f1eea11aa481904f91

COCOAPODS: 1.5.3
